
Microsoft Visual Studio Solution File, Format Version 12.00
# Visual Studio Express 2012 for Windows Desktop
Project("{FAE04EC0-301F-11D3-BF4B-00C04F79EFBC}") = "Robotica_trab_10", "Robotica_trab_10\Robotica_trab_10.csproj", "{709D47B3-E57D-465E-9936-DE2613DA2717}"
EndProject
Global
	GlobalSection(SolutionConfigurationPlatforms) = preSolution
		Debug|Any CPU = Debug|Any CPU
		Release|Any CPU = Release|Any CPU
	EndGlobalSection
	GlobalSection(ProjectConfigurationPlatforms) = postSolution
		{709D47B3-E57D-465E-9936-DE2613DA2717}.Debug|Any CPU.ActiveCfg = Debug|Any CPU
		{709D47B3-E57D-465E-9936-DE2613DA2717}.Debug|Any CPU.Build.0 = Debug|Any CPU
		{709D47B3-E57D-465E-9936-DE2613DA2717}.Release|Any CPU.ActiveCfg = Release|Any CPU
		{709D47B3-E57D-465E-9936-DE2613DA2717}.Release|Any CPU.Build.0 = Release|Any CPU
	EndGlobalSection
	GlobalSection(SolutionProperties) = preSolution
		HideSolutionNode = FALSE
	EndGlobalSection
EndGlobal
